# THIS IS AN AUTOGENERATED FILE. DO NOT EDIT THIS FILE DIRECTLY.
# yarn lockfile v1


is-wsl@^1.1.0:
  version "1.1.0"
  resolved "https://registry.yarnpkg.com/is-wsl/-/is-wsl-1.1.0.tgz#1f16e4aa22b04d1336b66188a66af3c600c3a66d"

nanoassert@^1.1.0:
  version "1.1.0"
  resolved "https://registry.yarnpkg.com/nanoassert/-/nanoassert-1.1.0.tgz#4f3152e09540fde28c76f44b19bbcd1d5a42478d"

nanobus@^4.3.1:
  version "4.3.3"
  resolved "https://registry.yarnpkg.com/nanobus/-/nanobus-4.3.3.tgz#a9635d38c687853641e2646bb2be6510cf966233"
  dependencies:
    nanotiming "^7.2.0"
    remove-array-items "^1.0.0"

nanoscheduler@^1.0.2:
  version "1.0.2"
  resolved "https://registry.yarnpkg.com/nanoscheduler/-/nanoscheduler-1.0.2.tgz#cc20ce0a899c9a17871ee80900e0b214e0dda8d5"
  dependencies:
    nanoassert "^1.1.0"

nanostate@^1.2.1:
  version "1.2.1"
  resolved "https://registry.yarnpkg.com/nanostate/-/nanostate-1.2.1.tgz#ef2340d5085f195359f85a93f41e1d6aec0f4ab0"
  dependencies:
    nanoassert "^1.1.0"
    nanobus "^4.3.1"

nanotiming@^7.2.0:
  version "7.3.0"
  resolved "https://registry.yarnpkg.com/nanotiming/-/nanotiming-7.3.0.tgz#deecef9b58ea43fc023e11c2e9ba1bacb6b2f9b8"
  dependencies:
    nanoscheduler "^1.0.2"

opn@^5.2.0:
  version "5.2.0"
  resolved "https://registry.yarnpkg.com/opn/-/opn-5.2.0.tgz#71fdf934d6827d676cecbea1531f95d354641225"
  dependencies:
    is-wsl "^1.1.0"

remove-array-items@^1.0.0:
  version "1.0.0"
  resolved "https://registry.yarnpkg.com/remove-array-items/-/remove-array-items-1.0.0.tgz#07bf42cb332f4cf6e85ead83b5e4e896d2326b21"

viz.js@^1.8.0:
  version "1.8.0"
  resolved "https://registry.yarnpkg.com/viz.js/-/viz.js-1.8.0.tgz#e0cb5ad241368e35b1a6e960691eba454c24951f"
